// !$*UTF8*$!
{
	archiveVersion = 1;
	classes = {
	};
	objectVersion = 50;
	objects = {

/* Begin PBXBuildFile section */
		183EB59A25AC99C70027BCDA /* AppDelegate.swift in Sources */ = {isa = PBXBuildFile; fileRef = 183EB59925AC99C70027BCDA /* AppDelegate.swift */; };
		183EB59C25AC99C70027BCDA /* SceneDelegate.swift in Sources */ = {isa = PBXBuildFile; fileRef = 183EB59B25AC99C70027BCDA /* SceneDelegate.swift */; };
		183EB59E25AC99C70027BCDA /* ViewController.swift in Sources */ = {isa = PBXBuildFile; fileRef = 183EB59D25AC99C70027BCDA /* ViewController.swift */; };
		183EB5A125AC99C70027BCDA /* Main.storyboard in Resources */ = {isa = PBXBuildFile; fileRef = 183EB59F25AC99C70027BCDA /* Main.storyboard */; };
		183EB5A425AC99C80027BCDA /* ContactApp.xcdatamodeld in Sources */ = {isa = PBXBuildFile; fileRef = 183EB5A225AC99C80027BCDA /* ContactApp.xcdatamodeld */; };
		183EB5A625AC99DF0027BCDA /* Assets.xcassets in Resources */ = {isa = PBXBuildFile; fileRef = 183EB5A525AC99DF0027BCDA /* Assets.xcassets */; };
		183EB5A925AC99DF0027BCDA /* LaunchScreen.storyboard in Resources */ = {isa = PBXBuildFile; fileRef = 183EB5A725AC99DF0027BCDA /* LaunchScreen.storyboard */; };
		183EB5B425AC99E20027BCDA /* ContactAppTests.swift in Sources */ = {isa = PBXBuildFile; fileRef = 183EB5B325AC99E20027BCDA /* ContactAppTests.swift */; };
		183EB5BF25AC99E20027BCDA /* ContactAppUITests.swift in Sources */ = {isa = PBXBuildFile; fileRef = 183EB5BE25AC99E20027BCDA /* ContactAppUITests.swift */; };
/* End PBXBuildFile section */

/* Begin PBXContainerItemProxy section */
		183EB5B025AC99E20027BCDA /* PBXContainerItemProxy */ = {
			isa = PBXContainerItemProxy;
			containerPortal = 183EB58E25AC99C70027BCDA /* Project object */;
			proxyType = 1;
			remoteGlobalIDString = 183EB59525AC99C70027BCDA;
			remoteInfo = ContactApp;
		};
		183EB5BB25AC99E20027BCDA /* PBXContainerItemProxy */ = {
			isa = PBXContainerItemProxy;
			containerPortal = 183EB58E25AC99C70027BCDA /* Project object */;
			proxyType = 1;
			remoteGlobalIDString = 183EB59525AC99C70027BCDA;
			remoteInfo = ContactApp;
		};
/* End PBXContainerItemProxy section */

/* Begin PBXFileReference section */
		183EB59625AC99C70027BCDA /* ContactApp.app */ = {isa = PBXFileReference; explicitFileType = wrapper.application; includeInIndex = 0; path = ContactApp.app; sourceTree = BUILT_PRODUCTS_DIR; };
		183EB59925AC99C70027BCDA /* AppDelegate.swift */ = {isa = PBXFileReference; lastKnownFileType = sourcecode.swift; path = AppDelegate.swift; sourceTree = "<group>"; };
		183EB59B25AC99C70027BCDA /* SceneDelegate.swift */ = {isa = PBXFileReference; lastKnownFileType = sourcecode.swift; path = SceneDelegate.swift; sourceTree = "<group>"; };
		183EB59D25AC99C70027BCDA /* ViewController.swift */ = {isa = PBXFileReference; lastKnownFileType = sourcecode.swift; path = ViewController.swift; sourceTree = "<group>"; };
		183EB5A025AC99C70027BCDA /* Base */ = {isa = PBXFileReference; lastKnownFileType = file.storyboard; name = Base; path = Base.lproj/Main.storyboard; sourceTree = "<group>"; };
		183EB5A325AC99C80027BCDA /* ContactApp.xcdatamodel */ = {isa = PBXFileReference; lastKnownFileType = wrapper.xcdatamodel; path = ContactApp.xcdatamodel; sourceTree = "<group>"; };
		183EB5A525AC99DF0027BCDA /* Assets.xcassets */ = {isa = PBXFileReference; lastKnownFileType = folder.assetcatalog; path = Assets.xcassets; sourceTree = "<group>"; };
		183EB5A825AC99DF0027BCDA /* Base */ = {isa = PBXFileReference; lastKnownFileType = file.storyboard; name = Base; path = Base.lproj/LaunchScreen.storyboard; sourceTree = "<group>"; };
		183EB5AA25AC99DF0027BCDA /* Info.plist */ = {isa = PBXFileReference; lastKnownFileType = text.plist.xml; path = Info.plist; sourceTree = "<group>"; };
		183EB5AF25AC99E20027BCDA /* ContactAppTests.xctest */ = {isa = PBXFileReference; explicitFileType = wrapper.cfbundle; includeInIndex = 0; path = ContactAppTests.xctest; sourceTree = BUILT_PRODUCTS_DIR; };
		183EB5B325AC99E20027BCDA /* ContactAppTests.swift */ = {isa = PBXFileReference; lastKnownFileType = sourcecode.swift; path = ContactAppTests.swift; sourceTree = "<group>"; };
		183EB5B525AC99E20027BCDA /* Info.plist */ = {isa = PBXFileReference; lastKnownFileType = text.plist.xml; path = Info.plist; sourceTree = "<group>"; };
		183EB5BA25AC99E20027BCDA /* ContactAppUITests.xctest */ = {isa = PBXFileReference; explicitFileType = wrapper.cfbundle; includeInIndex = 0; path = ContactAppUITests.xctest; sourceTree = BUILT_PRODUCTS_DIR; };
		183EB5BE25AC99E20027BCDA /* ContactAppUITests.swift */ = {isa = PBXFileReference; lastKnownFileType = sourcecode.swift; path = ContactAppUITests.swift; sourceTree = "<group>"; };
		183EB5C025AC99E20027BCDA /* Info.plist */ = {isa = PBXFileReference; lastKnownFileType = text.plist.xml; path = Info.plist; sourceTree = "<group>"; };
/* End PBXFileReference section */

/* Begin PBXFrameworksBuildPhase section */
		183EB59325AC99C70027BCDA /* Frameworks */ = {
			isa = PBXFrameworksBuildPhase;
			buildActionMask = 2147483647;
			files = (
			);
			runOnlyForDeploymentPostprocessing = 0;
		};
		183EB5AC25AC99E20027BCDA /* Frameworks */ = {
			isa = PBXFrameworksBuildPhase;
			buildActionMask = 2147483647;
			files = (
			);
			runOnlyForDeploymentPostprocessing = 0;
		};
		183EB5B725AC99E20027BCDA /* Frameworks */ = {
			isa = PBXFrameworksBuildPhase;
			buildActionMask = 2147483647;
			files = (
			);
			runOnlyForDeploymentPostprocessing = 0;
		};
/* End PBXFrameworksBuildPhase section */

/* Begin PBXGroup section */
		183EB58D25AC99C70027BCDA = {
			isa = PBXGroup;
			children = (
				183EB59825AC99C70027BCDA /* ContactApp */,
				183EB5B225AC99E20027BCDA /* ContactAppTests */,
				183EB5BD25AC99E20027BCDA /* ContactAppUITests */,
				183EB59725AC99C70027BCDA /* Products */,
			);
			sourceTree = "<group>";
		};
		183EB59725AC99C70027BCDA /* Products */ = {
			isa = PBXGroup;
			children = (
				183EB59625AC99C70027BCDA /* ContactApp.app */,
				183EB5AF25AC99E20027BCDA /* ContactAppTests.xctest */,
				183EB5BA25AC99E20027BCDA /* ContactAppUITests.xctest */,
			);
			name = Products;
			sourceTree = "<group>";
		};
		183EB59825AC99C70027BCDA /* ContactApp */ = {
			isa = PBXGroup;
			children = (
				183EB59925AC99C70027BCDA /* AppDelegate.swift */,
				183EB59B25AC99C70027BCDA /* SceneDelegate.swift */,
				183EB59D25AC99C70027BCDA /* ViewController.swift */,
				183EB59F25AC99C70027BCDA /* Main.storyboard */,
				183EB5A525AC99DF0027BCDA /* Assets.xcassets */,
				183EB5A725AC99DF0027BCDA /* LaunchScreen.storyboard */,
				183EB5AA25AC99DF0027BCDA /* Info.plist */,
				183EB5A225AC99C80027BCDA /* ContactApp.xcdatamodeld */,
			);
			path = ContactApp;
			sourceTree = "<group>";
		};
		183EB5B225AC99E20027BCDA /* ContactAppTests */ = {
			isa = PBXGroup;
			children = (
				183EB5B325AC99E20027BCDA /* ContactAppTests.swift */,
				183EB5B525AC99E20027BCDA /* Info.plist */,
			);
			path = ContactAppTests;
			sourceTree = "<group>";
		};
		183EB5BD25AC99E20027BCDA /* ContactAppUITests */ = {
			isa = PBXGroup;
			children = (
				183EB5BE25AC99E20027BCDA /* ContactAppUITests.swift */,
				183EB5C025AC99E20027BCDA /* Info.plist */,
			);
			path = ContactAppUITests;
			sourceTree = "<group>";
		};
/* End PBXGroup section */

/* Begin PBXNativeTarget section */
		183EB59525AC99C70027BCDA /* ContactApp */ = {
			isa = PBXNativeTarget;
			buildConfigurationList = 183EB5C325AC99E20027BCDA /* Build configuration list for PBXNativeTarget "ContactApp" */;
			buildPhases = (
				183EB59225AC99C70027BCDA /* Sources */,
				183EB59325AC99C70027BCDA /* Frameworks */,
				183EB59425AC99C70027BCDA /* Resources */,
			);
			buildRules = (
			);
			dependencies = (
			);
			name = ContactApp;
			productName = ContactApp;
			productReference = 183EB59625AC99C70027BCDA /* ContactApp.app */;
			productType = "com.apple.product-type.application";
		};
		183EB5AE25AC99E20027BCDA /* ContactAppTests */ = {
			isa = PBXNativeTarget;
			buildConfigurationList = 183EB5C625AC99E20027BCDA /* Build configuration list for PBXNativeTarget "ContactAppTests" */;
			buildPhases = (
				183EB5AB25AC99E20027BCDA /* Sources */,
				183EB5AC25AC99E20027BCDA /* Frameworks */,
				183EB5AD25AC99E20027BCDA /* Resources */,
			);
			buildRules = (
			);
			dependencies = (
				183EB5B125AC99E20027BCDA /* PBXTargetDependency */,
			);
			name = ContactAppTests;
			productName = ContactAppTests;
			productReference = 183EB5AF25AC99E20027BCDA /* ContactAppTests.xctest */;
			productType = "com.apple.product-type.bundle.unit-test";
		};
		183EB5B925AC99E20027BCDA /* ContactAppUITests */ = {
			isa = PBXNativeTarget;
			buildConfigurationList = 183EB5C925AC99E20027BCDA /* Build configuration list for PBXNativeTarget "ContactAppUITests" */;
			buildPhases = (
				183EB5B625AC99E20027BCDA /* Sources */,
				183EB5B725AC99E20027BCDA /* Frameworks */,
				183EB5B825AC99E20027BCDA /* Resources */,
			);
			buildRules = (
			);
			dependencies = (
				183EB5BC25AC99E20027BCDA /* PBXTargetDependency */,
			);
			name = ContactAppUITests;
			productName = ContactAppUITests;
			productReference = 183EB5BA25AC99E20027BCDA /* ContactAppUITests.xctest */;
			productType = "com.apple.product-type.bundle.ui-testing";
		};
/* End PBXNativeTarget section */

/* Begin PBXProject section */
		183EB58E25AC99C70027BCDA /* Project object */ = {
			isa = PBXProject;
			attributes = {
				LastSwiftUpdateCheck = 1230;
				LastUpgradeCheck = 1230;
				TargetAttributes = {
					183EB59525AC99C70027BCDA = {
						CreatedOnToolsVersion = 12.3;
					};
					183EB5AE25AC99E20027BCDA = {
						CreatedOnToolsVersion = 12.3;
						TestTargetID = 183EB59525AC99C70027BCDA;
					};
					183EB5B925AC99E20027BCDA = {
						CreatedOnToolsVersion = 12.3;
						TestTargetID = 183EB59525AC99C70027BCDA;
					};
				};
			};
			buildConfigurationList = 183EB59125AC99C70027BCDA /* Build configuration list for PBXProject "ContactApp" */;
			compatibilityVersion = "Xcode 9.3";
			developmentRegion = en;
			hasScannedForEncodings = 0;
			knownRegions = (
				en,
				Base,
			);
			mainGroup = 183EB58D25AC99C70027BCDA;
			productRefGroup = 183EB59725AC99C70027BCDA /* Products */;
			projectDirPath = "";
			projectRoot = "";
			targets = (
				183EB59525AC99C70027BCDA /* ContactApp */,
				183EB5AE25AC99E20027BCDA /* ContactAppTests */,
				183EB5B925AC99E20027BCDA /* ContactAppUITests */,
			);
		};
/* End PBXProject section */

/* Begin PBXResourcesBuildPhase section */
		183EB59425AC99C70027BCDA /* Resources */ = {
			isa = PBXResourcesBuildPhase;
			buildActionMask = 2147483647;
			files = (
				183EB5A925AC99DF0027BCDA /* LaunchScreen.storyboard in Resources */,
				183EB5A625AC99DF0027BCDA /* Assets.xcassets in Resources */,
				183EB5A125AC99C70027BCDA /* Main.storyboard in Resources */,
			);
			runOnlyForDeploymentPostprocessing = 0;
		};
		183EB5AD25AC99E20027BCDA /* Resources */ = {
			isa = PBXResourcesBuildPhase;
			buildActionMask = 2147483647;
			files = (
			);
			runOnlyForDeploymentPostprocessing = 0;
		};
		183EB5B825AC99E20027BCDA /* Resources */ = {
			isa = PBXResourcesBuildPhase;
			buildActionMask = 2147483647;
			files = (
			);
			runOnlyForDeploymentPostprocessing = 0;
		};
/* End PBXResourcesBuildPhase section */

/* Begin PBXSourcesBuildPhase section */
		183EB59225AC99C70027BCDA /* Sources */ = {
			isa = PBXSourcesBuildPhase;
			buildActionMask = 2147483647;
			files = (
				183EB5A425AC99C80027BCDA /* ContactApp.xcdatamodeld in Sources */,
				183EB59E25AC99C70027BCDA /* ViewController.swift in Sources */,
				183EB59A25AC99C70027BCDA /* AppDelegate.swift in Sources */,
				183EB59C25AC99C70027BCDA /* SceneDelegate.swift in Sources */,
			);
			runOnlyForDeploymentPostprocessing = 0;
		};
		183EB5AB25AC99E20027BCDA /* Sources */ = {
			isa = PBXSourcesBuildPhase;
			buildActionMask = 2147483647;
			files = (
				183EB5B425AC99E20027BCDA /* ContactAppTests.swift in Sources */,
			);
			runOnlyForDeploymentPostprocessing = 0;
		};
		183EB5B625AC99E20027BCDA /* Sources */ = {
			isa = PBXSourcesBuildPhase;
			buildActionMask = 2147483647;
			files = (
				183EB5BF25AC99E20027BCDA /* ContactAppUITests.swift in Sources */,
			);
			runOnlyForDeploymentPostprocessing = 0;
		};
/* End PBXSourcesBuildPhase section */

/* Begin PBXTargetDependency section */
		183EB5B125AC99E20027BCDA /* PBXTargetDependency */ = {
			isa = PBXTargetDependency;
			target = 183EB59525AC99C70027BCDA /* ContactApp */;
			targetProxy = 183EB5B025AC99E20027BCDA /* PBXContainerItemProxy */;
		};
		183EB5BC25AC99E20027BCDA /* PBXTargetDependency */ = {
			isa = PBXTargetDependency;
			target = 183EB59525AC99C70027BCDA /* ContactApp */;
			targetProxy = 183EB5BB25AC99E20027BCDA /* PBXContainerItemProxy */;
		};
/* End PBXTargetDependency section */

/* Begin PBXVariantGroup section */
		183EB59F25AC99C70027BCDA /* Main.storyboard */ = {
			isa = PBXVariantGroup;
			children = (
				183EB5A025AC99C70027BCDA /* Base */,
			);
			name = Main.storyboard;
			sourceTree = "<group>";
		};
		183EB5A725AC99DF0027BCDA /* LaunchScreen.storyboard */ = {
			isa = PBXVariantGroup;
			children = (
				183EB5A825AC99DF0027BCDA /* Base */,
			);
			name = LaunchScreen.storyboard;
			sourceTree = "<group>";
		};
/* End PBXVariantGroup section */

/* Begin XCBuildConfiguration section */
		183EB5C125AC99E20027BCDA /* Debug */ = {
			isa = XCBuildConfiguration;
			buildSettings = {
				ALWAYS_SEARCH_USER_PATHS = NO;
				CLANG_ANALYZER_NONNULL = YES;
				CLANG_ANALYZER_NUMBER_OBJECT_CONVERSION = YES_AGGRESSIVE;
				CLANG_CXX_LANGUAGE_STANDARD = "gnu++14";
				CLANG_CXX_LIBRARY = "libc++";
				CLANG_ENABLE_MODULES = YES;
				CLANG_ENABLE_OBJC_ARC = YES;
				CLANG_ENABLE_OBJC_WEAK = YES;
				CLANG_WARN_BLOCK_CAPTURE_AUTORELEASING = YES;
				CLANG_WARN_BOOL_CONVERSION = YES;
				CLANG_WARN_COMMA = YES;
				CLANG_WARN_CONSTANT_CONVERSION = YES;
				CLANG_WARN_DEPRECATED_OBJC_IMPLEMENTATIONS = YES;
				CLANG_WARN_DIRECT_OBJC_ISA_USAGE = YES_ERROR;
				CLANG_WARN_DOCUMENTATION_COMMENTS = YES;
				CLANG_WARN_EMPTY_BODY = YES;
				CLANG_WARN_ENUM_CONVERSION = YES;
				CLANG_WARN_INFINITE_RECURSION = YES;
				CLANG_WARN_INT_CONVERSION = YES;
				CLANG_WARN_NON_LITERAL_NULL_CONVERSION = YES;
				CLANG_WARN_OBJC_IMPLICIT_RETAIN_SELF = YES;
				CLANG_WARN_OBJC_LITERAL_CONVERSION = YES;
				CLANG_WARN_OBJC_ROOT_CLASS = YES_ERROR;
				CLANG_WARN_QUOTED_INCLUDE_IN_FRAMEWORK_HEADER = YES;
				CLANG_WARN_RANGE_LOOP_ANALYSIS = YES;
				CLANG_WARN_STRICT_PROTOTYPES = YES;
				CLANG_WARN_SUSPICIOUS_MOVE = YES;
				CLANG_WARN_UNGUARDED_AVAILABILITY = YES_AGGRESSIVE;
				CLANG_WARN_UNREACHABLE_CODE = YES;
				CLANG_WARN__DUPLICATE_METHOD_MATCH = YES;
				COPY_PHASE_STRIP = NO;
				DEBUG_INFORMATION_FORMAT = dwarf;
				ENABLE_STRICT_OBJC_MSGSEND = YES;
				ENABLE_TESTABILITY = YES;
				GCC_C_LANGUAGE_STANDARD = gnu11;
				GCC_DYNAMIC_NO_PIC = NO;
				GCC_NO_COMMON_BLOCKS = YES;
				GCC_OPTIMIZATION_LEVEL = 0;
				GCC_PREPROCESSOR_DEFINITIONS = (
					"DEBUG=1",
					"$(inherited)",
				);
				GCC_WARN_64_TO_32_BIT_CONVERSION = YES;
				GCC_WARN_ABOUT_RETURN_TYPE = YES_ERROR;
				GCC_WARN_UNDECLARED_SELECTOR = YES;
				GCC_WARN_UNINITIALIZED_AUTOS = YES_AGGRESSIVE;
				GCC_WARN_UNUSED_FUNCTION = YES;
				GCC_WARN_UNUSED_VARIABLE = YES;
				IPHONEOS_DEPLOYMENT_TARGET = 14.3;
				MTL_ENABLE_DEBUG_INFO = INCLUDE_SOURCE;
				MTL_FAST_MATH = YES;
				ONLY_ACTIVE_ARCH = YES;
				SDKROOT = iphoneos;
				SWIFT_ACTIVE_COMPILATION_CONDITIONS = DEBUG;
				SWIFT_OPTIMIZATION_LEVEL = "-Onone";
			};
			name = Debug;
		};
		183EB5C225AC99E20027BCDA /* Release */ = {
			isa = XCBuildConfiguration;
			buildSettings = {
				ALWAYS_SEARCH_USER_PATHS = NO;
				CLANG_ANALYZER_NONNULL = YES;
				CLANG_ANALYZER_NUMBER_OBJECT_CONVERSION = YES_AGGRESSIVE;
				CLANG_CXX_LANGUAGE_STANDARD = "gnu++14";
				CLANG_CXX_LIBRARY = "libc++";
				CLANG_ENABLE_MODULES = YES;
				CLANG_ENABLE_OBJC_ARC = YES;
				CLANG_ENABLE_OBJC_WEAK = YES;
				CLANG_WARN_BLOCK_CAPTURE_AUTORELEASING = YES;
				CLANG_WARN_BOOL_CONVERSION = YES;
				CLANG_WARN_COMMA = YES;
				CLANG_WARN_CONSTANT_CONVERSION = YES;
				CLANG_WARN_DEPRECATED_OBJC_IMPLEMENTATIONS = YES;
				CLANG_WARN_DIRECT_OBJC_ISA_USAGE = YES_ERROR;
				CLANG_WARN_DOCUMENTATION_COMMENTS = YES;
				CLANG_WARN_EMPTY_BODY = YES;
				CLANG_WARN_ENUM_CONVERSION = YES;
				CLANG_WARN_INFINITE_RECURSION = YES;
				CLANG_WARN_INT_CONVERSION = YES;
				CLANG_WARN_NON_LITERAL_NULL_CONVERSION = YES;
				CLANG_WARN_OBJC_IMPLICIT_RETAIN_SELF = YES;
				CLANG_WARN_OBJC_LITERAL_CONVERSION = YES;
				CLANG_WARN_OBJC_ROOT_CLASS = YES_ERROR;
				CLANG_WARN_QUOTED_INCLUDE_IN_FRAMEWORK_HEADER = YES;
				CLANG_WARN_RANGE_LOOP_ANALYSIS = YES;
				CLANG_WARN_STRICT_PROTOTYPES = YES;
				CLANG_WARN_SUSPICIOUS_MOVE = YES;
				CLANG_WARN_UNGUARDED_AVAILABILITY = YES_AGGRESSIVE;
				CLANG_WARN_UNREACHABLE_CODE = YES;
				CLANG_WARN__DUPLICATE_METHOD_MATCH = YES;
				COPY_PHASE_STRIP = NO;
				DEBUG_INFORMATION_FORMAT = "dwarf-with-dsym";
				ENABLE_NS_ASSERTIONS = NO;
				ENABLE_STRICT_OBJC_MSGSEND = YES;
				GCC_C_LANGUAGE_STANDARD = gnu11;
				GCC_NO_COMMON_BLOCKS = YES;
				GCC_WARN_64_TO_32_BIT_CONVERSION = YES;
				GCC_WARN_ABOUT_RETURN_TYPE = YES_ERROR;
				GCC_WARN_UNDECLARED_SELECTOR = YES;
				GCC_WARN_UNINITIALIZED_AUTOS = YES_AGGRESSIVE;
				GCC_WARN_UNUSED_FUNCTION = YES;
				GCC_WARN_UNUSED_VARIABLE = YES;
				IPHONEOS_DEPLOYMENT_TARGET = 14.3;
				MTL_ENABLE_DEBUG_INFO = NO;
				MTL_FAST_MATH = YES;
				SDKROOT = iphoneos;
				SWIFT_COMPILATION_MODE = wholemodule;
				SWIFT_OPTIMIZATION_LEVEL = "-O";
				VALIDATE_PRODUCT = YES;
			};
			name = Release;
		};
		183EB5C425AC99E20027BCDA /* Debug */ = {
			isa = XCBuildConfiguration;
			buildSettings = {
				ASSETCATALOG_COMPILER_APPICON_NAME = AppIcon;
				ASSETCATALOG_COMPILER_GLOBAL_ACCENT_COLOR_NAME = AccentColor;
				CODE_SIGN_STYLE = Automatic;
				INFOPLIST_FILE = ContactApp/Info.plist;
				LD_RUNPATH_SEARCH_PATHS = (
					"$(inherited)",
					"@executable_path/Frameworks",
				);
				PRODUCT_BUNDLE_IDENTIFIER = com.ContactApp.ios.ContactApp;
				PRODUCT_NAME = "$(TARGET_NAME)";
				SWIFT_VERSION = 5.0;
				TARGETED_DEVICE_FAMILY = "1,2";
			};
			name = Debug;
		};
		183EB5C525AC99E20027BCDA /* Release */ = {
			isa = XCBuildConfiguration;
			buildSettings = {
				ASSETCATALOG_COMPILER_APPICON_NAME = AppIcon;
				ASSETCATALOG_COMPILER_GLOBAL_ACCENT_COLOR_NAME = AccentColor;
				CODE_SIGN_STYLE = Automatic;
				INFOPLIST_FILE = ContactApp/Info.plist;
				LD_RUNPATH_SEARCH_PATHS = (
					"$(inherited)",
					"@executable_path/Frameworks",
				);
				PRODUCT_BUNDLE_IDENTIFIER = com.ContactApp.ios.ContactApp;
				PRODUCT_NAME = "$(TARGET_NAME)";
				SWIFT_VERSION = 5.0;
				TARGETED_DEVICE_FAMILY = "1,2";
			};
			name = Release;
		};
		183EB5C725AC99E20027BCDA /* Debug */ = {
			isa = XCBuildConfiguration;
			buildSettings = {
				ALWAYS_EMBED_SWIFT_STANDARD_LIBRARIES = YES;
				BUNDLE_LOADER = "$(TEST_HOST)";
				CODE_SIGN_STYLE = Automatic;
				INFOPLIST_FILE = ContactAppTests/Info.plist;
				IPHONEOS_DEPLOYMENT_TARGET = 14.3;
				LD_RUNPATH_SEARCH_PATHS = (
					"$(inherited)",
					"@executable_path/Frameworks",
					"@loader_path/Frameworks",
				);
				PRODUCT_BUNDLE_IDENTIFIER = com.ContactApp.ios.ContactAppTests;
				PRODUCT_NAME = "$(TARGET_NAME)";
				SWIFT_VERSION = 5.0;
				TARGETED_DEVICE_FAMILY = "1,2";
				TEST_HOST = "$(BUILT_PRODUCTS_DIR)/ContactApp.app/ContactApp";
			};
			name = Debug;
		};
		183EB5C825AC99E20027BCDA /* Release */ = {
			isa = XCBuildConfiguration;
			buildSettings = {
				ALWAYS_EMBED_SWIFT_STANDARD_LIBRARIES = YES;
				BUNDLE_LOADER = "$(TEST_HOST)";
				CODE_SIGN_STYLE = Automatic;
				INFOPLIST_FILE = ContactAppTests/Info.plist;
				IPHONEOS_DEPLOYMENT_TARGET = 14.3;
				LD_RUNPATH_SEARCH_PATHS = (
					"$(inherited)",
					"@executable_path/Frameworks",
					"@loader_path/Frameworks",
				);
				PRODUCT_BUNDLE_IDENTIFIER = com.ContactApp.ios.ContactAppTests;
				PRODUCT_NAME = "$(TARGET_NAME)";
				SWIFT_VERSION = 5.0;
				TARGETED_DEVICE_FAMILY = "1,2";
				TEST_HOST = "$(BUILT_PRODUCTS_DIR)/ContactApp.app/ContactApp";
			};
			name = Release;
		};
		183EB5CA25AC99E20027BCDA /* Debug */ = {
			isa = XCBuildConfiguration;
			buildSettings = {
				ALWAYS_EMBED_SWIFT_STANDARD_LIBRARIES = YES;
				CODE_SIGN_STYLE = Automatic;
				INFOPLIST_FILE = ContactAppUITests/Info.plist;
				LD_RUNPATH_SEARCH_PATHS = (
					"$(inherited)",
					"@executable_path/Frameworks",
					"@loader_path/Frameworks",
				);
				PRODUCT_BUNDLE_IDENTIFIER = com.ContactApp.ios.ContactAppUITests;
				PRODUCT_NAME = "$(TARGET_NAME)";
				SWIFT_VERSION = 5.0;
				TARGETED_DEVICE_FAMILY = "1,2";
				TEST_TARGET_NAME = ContactApp;
			};
			name = Debug;
		};
		183EB5CB25AC99E20027BCDA /* Release */ = {
			isa = XCBuildConfiguration;
			buildSettings = {
				ALWAYS_EMBED_SWIFT_STANDARD_LIBRARIES = YES;
				CODE_SIGN_STYLE = Automatic;
				INFOPLIST_FILE = ContactAppUITests/Info.plist;
				LD_RUNPATH_SEARCH_PATHS = (
					"$(inherited)",
					"@executable_path/Frameworks",
					"@loader_path/Frameworks",
				);
				PRODUCT_BUNDLE_IDENTIFIER = com.ContactApp.ios.ContactAppUITests;
				PRODUCT_NAME = "$(TARGET_NAME)";
				SWIFT_VERSION = 5.0;
				TARGETED_DEVICE_FAMILY = "1,2";
				TEST_TARGET_NAME = ContactApp;
			};
			name = Release;
		};
/* End XCBuildConfiguration section */

/* Begin XCConfigurationList section */
		183EB59125AC99C70027BCDA /* Build configuration list for PBXProject "ContactApp" */ = {
			isa = XCConfigurationList;
			buildConfigurations = (
				183EB5C125AC99E20027BCDA /* Debug */,
				183EB5C225AC99E20027BCDA /* Release */,
			);
			defaultConfigurationIsVisible = 0;
			defaultConfigurationName = Release;
		};
		183EB5C325AC99E20027BCDA /* Build configuration list for PBXNativeTarget "ContactApp" */ = {
			isa = XCConfigurationList;
			buildConfigurations = (
				183EB5C425AC99E20027BCDA /* Debug */,
				183EB5C525AC99E20027BCDA /* Release */,
			);
			defaultConfigurationIsVisible = 0;
			defaultConfigurationName = Release;
		};
		183EB5C625AC99E20027BCDA /* Build configuration list for PBXNativeTarget "ContactAppTests" */ = {
			isa = XCConfigurationList;
			buildConfigurations = (
				183EB5C725AC99E20027BCDA /* Debug */,
				183EB5C825AC99E20027BCDA /* Release */,
			);
			defaultConfigurationIsVisible = 0;
			defaultConfigurationName = Release;
		};
		183EB5C925AC99E20027BCDA /* Build configuration list for PBXNativeTarget "ContactAppUITests" */ = {
			isa = XCConfigurationList;
			buildConfigurations = (
				183EB5CA25AC99E20027BCDA /* Debug */,
				183EB5CB25AC99E20027BCDA /* Release */,
			);
			defaultConfigurationIsVisible = 0;
			defaultConfigurationName = Release;
		};
/* End XCConfigurationList section */

/* Begin XCVersionGroup section */
		183EB5A225AC99C80027BCDA /* ContactApp.xcdatamodeld */ = {
			isa = XCVersionGroup;
			children = (
				183EB5A325AC99C80027BCDA /* ContactApp.xcdatamodel */,
			);
			currentVersion = 183EB5A325AC99C80027BCDA /* ContactApp.xcdatamodel */;
			path = ContactApp.xcdatamodeld;
			sourceTree = "<group>";
			versionGroupType = wrapper.xcdatamodel;
		};
/* End XCVersionGroup section */
	};
	rootObject = 183EB58E25AC99C70027BCDA /* Project object */;
}
